
Microsoft Visual Studio Solution File, Format Version 12.00
# Visual Studio Version 17
VisualStudioVersion = 17.4.33122.133
MinimumVisualStudioVersion = 10.0.40219.1
Project("{FAE04EC0-301F-11D3-BF4B-00C04F79EFBC}") = "HospitalServer", "HospitalServer\HospitalServer.csproj", "{508888DD-E393-4BFC-90D8-FA8C4689764D}"
EndProject
Global
	GlobalSection(SolutionConfigurationPlatforms) = preSolution
		Debug|Any CPU = Debug|Any CPU
		Release|Any CPU = Release|Any CPU
	EndGlobalSection
	GlobalSection(ProjectConfigurationPlatforms) = postSolution
		{508888DD-E393-4BFC-90D8-FA8C4689764D}.Debug|Any CPU.ActiveCfg = Debug|Any CPU
		{508888DD-E393-4BFC-90D8-FA8C4689764D}.Debug|Any CPU.Build.0 = Debug|Any CPU
		{508888DD-E393-4BFC-90D8-FA8C4689764D}.Release|Any CPU.ActiveCfg = Release|Any CPU
		{508888DD-E393-4BFC-90D8-FA8C4689764D}.Release|Any CPU.Build.0 = Release|Any CPU
	EndGlobalSection
	GlobalSection(SolutionProperties) = preSolution
		HideSolutionNode = FALSE
	EndGlobalSection
	GlobalSection(ExtensibilityGlobals) = postSolution
		SolutionGuid = {4BA5CA24-6819-4B31-ABBF-D37E5A9981FB}
	EndGlobalSection
EndGlobal
